// !$*UTF8*$!
{
	archiveVersion = 1;
	classes = {
	};
	objectVersion = 46;
	objects = {

/* Begin PBXBuildFile section */
		533146B61529F62B00B260B0 /* BarSubClass.m in Sources */ = {isa = PBXBuildFile; fileRef = 533146B51529F62B00B260B0 /* BarSubClass.m */; };
		538AEFC2157002E200B28636 /* PrimitiveHolder.m in Sources */ = {isa = PBXBuildFile; fileRef = 538AEFC1157002E200B28636 /* PrimitiveHolder.m */; };
		8403050814D875FA008603DA /* NSMutableDictionary+ClassMapper.h in Headers */ = {isa = PBXBuildFile; fileRef = 8403050614D875FA008603DA /* NSMutableDictionary+ClassMapper.h */; };
		8403050914D875FA008603DA /* NSMutableDictionary+ClassMapper.m in Sources */ = {isa = PBXBuildFile; fileRef = 8403050714D875FA008603DA /* NSMutableDictionary+ClassMapper.m */; };
		8421530614B60CE2001999B6 /* Zip.m in Sources */ = {isa = PBXBuildFile; fileRef = 8421530514B60CE2001999B6 /* Zip.m */; };
		843EC45514E844B500DD381E /* IdHolder.h in Headers */ = {isa = PBXBuildFile; fileRef = 843EC45314E844B500DD381E /* IdHolder.h */; };
		843EC45614E844B500DD381E /* IdHolder.m in Sources */ = {isa = PBXBuildFile; fileRef = 843EC45414E844B500DD381E /* IdHolder.m */; };
		8448A63B14BF938000F457E1 /* NSArray+ClassMapper.h in Headers */ = {isa = PBXBuildFile; fileRef = 8448A63014BF938000F457E1 /* NSArray+ClassMapper.h */; };
		8448A63C14BF938000F457E1 /* NSArray+ClassMapper.m in Sources */ = {isa = PBXBuildFile; fileRef = 8448A63114BF938000F457E1 /* NSArray+ClassMapper.m */; };
		8448A63D14BF938000F457E1 /* NSDictionary+ClassMapper.h in Headers */ = {isa = PBXBuildFile; fileRef = 8448A63214BF938000F457E1 /* NSDictionary+ClassMapper.h */; };
		8448A63E14BF938000F457E1 /* NSDictionary+ClassMapper.m in Sources */ = {isa = PBXBuildFile; fileRef = 8448A63314BF938000F457E1 /* NSDictionary+ClassMapper.m */; };
		8448A63F14BF938000F457E1 /* NSNumber+ClassMapper.h in Headers */ = {isa = PBXBuildFile; fileRef = 8448A63414BF938000F457E1 /* NSNumber+ClassMapper.h */; };
		8448A64014BF938000F457E1 /* NSNumber+ClassMapper.m in Sources */ = {isa = PBXBuildFile; fileRef = 8448A63514BF938000F457E1 /* NSNumber+ClassMapper.m */; };
		8448A64114BF938000F457E1 /* NSObject+ClassMapper.h in Headers */ = {isa = PBXBuildFile; fileRef = 8448A63614BF938000F457E1 /* NSObject+ClassMapper.h */; };
		8448A64214BF938000F457E1 /* NSObject+ClassMapper.m in Sources */ = {isa = PBXBuildFile; fileRef = 8448A63714BF938000F457E1 /* NSObject+ClassMapper.m */; };
		8448A64314BF938000F457E1 /* NSString+ClassMapper.h in Headers */ = {isa = PBXBuildFile; fileRef = 8448A63814BF938000F457E1 /* NSString+ClassMapper.h */; };
		8448A64414BF938000F457E1 /* NSString+ClassMapper.m in Sources */ = {isa = PBXBuildFile; fileRef = 8448A63914BF938000F457E1 /* NSString+ClassMapper.m */; };
		8448A64514BF938000F457E1 /* Serializable.h in Headers */ = {isa = PBXBuildFile; fileRef = 8448A63A14BF938000F457E1 /* Serializable.h */; };
		845E096C14BB9882007066E4 /* ArrayHolder.m in Sources */ = {isa = PBXBuildFile; fileRef = 845E096B14BB9882007066E4 /* ArrayHolder.m */; };
		84632DC514F024D200ADA083 /* NSDate+ClassMapper.h in Headers */ = {isa = PBXBuildFile; fileRef = 84632DC314F024D200ADA083 /* NSDate+ClassMapper.h */; };
		84632DC614F024D200ADA083 /* NSDate+ClassMapper.m in Sources */ = {isa = PBXBuildFile; fileRef = 84632DC414F024D200ADA083 /* NSDate+ClassMapper.m */; };
		84632DD514F0292B00ADA083 /* NSNull+ClassMapper.h in Headers */ = {isa = PBXBuildFile; fileRef = 84632DD314F0292B00ADA083 /* NSNull+ClassMapper.h */; };
		84632DD614F0292B00ADA083 /* NSNull+ClassMapper.m in Sources */ = {isa = PBXBuildFile; fileRef = 84632DD414F0292B00ADA083 /* NSNull+ClassMapper.m */; };
		84655A9A14D0DAE500B9AD34 /* NSMutableArray+ClassMapper.h in Headers */ = {isa = PBXBuildFile; fileRef = 84655A9814D0DAE400B9AD34 /* NSMutableArray+ClassMapper.h */; };
		84655A9B14D0DAE500B9AD34 /* NSMutableArray+ClassMapper.m in Sources */ = {isa = PBXBuildFile; fileRef = 84655A9914D0DAE400B9AD34 /* NSMutableArray+ClassMapper.m */; };
		84655AA114D1ED1C00B9AD34 /* Mappable.h in Headers */ = {isa = PBXBuildFile; fileRef = 84655AA014D1ED1C00B9AD34 /* Mappable.h */; };
		848C2436148BE9CA001859C8 /* Foundation.framework in Frameworks */ = {isa = PBXBuildFile; fileRef = 848C2435148BE9CA001859C8 /* Foundation.framework */; };
		848C243C148BE9CA001859C8 /* ClassMapper.m in Sources */ = {isa = PBXBuildFile; fileRef = 848C243B148BE9CA001859C8 /* ClassMapper.m */; };
		848C2444148BE9CA001859C8 /* SenTestingKit.framework in Frameworks */ = {isa = PBXBuildFile; fileRef = 848C2443148BE9CA001859C8 /* SenTestingKit.framework */; };
		848C2446148BE9CA001859C8 /* UIKit.framework in Frameworks */ = {isa = PBXBuildFile; fileRef = 848C2445148BE9CA001859C8 /* UIKit.framework */; };
		848C2447148BE9CA001859C8 /* Foundation.framework in Frameworks */ = {isa = PBXBuildFile; fileRef = 848C2435148BE9CA001859C8 /* Foundation.framework */; };
		848C244A148BE9CA001859C8 /* libClassMapper.a in Frameworks */ = {isa = PBXBuildFile; fileRef = 848C2432148BE9CA001859C8 /* libClassMapper.a */; };
		848C2450148BE9CA001859C8 /* InfoPlist.strings in Resources */ = {isa = PBXBuildFile; fileRef = 848C244E148BE9CA001859C8 /* InfoPlist.strings */; };
		848C2453148BE9CA001859C8 /* ClassMapperTests.m in Sources */ = {isa = PBXBuildFile; fileRef = 848C2452148BE9CA001859C8 /* ClassMapperTests.m */; };
		848C245E148BEA37001859C8 /* MapperConfig.h in Headers */ = {isa = PBXBuildFile; fileRef = 848C245C148BEA37001859C8 /* MapperConfig.h */; };
		848C245F148BEA37001859C8 /* MapperConfig.m in Sources */ = {isa = PBXBuildFile; fileRef = 848C245D148BEA37001859C8 /* MapperConfig.m */; };
		DA0EEEB514AB75C000DE91AA /* Bar.m in Sources */ = {isa = PBXBuildFile; fileRef = 848C2465148BEB19001859C8 /* Bar.m */; };
		DA0EEEB614AB75C000DE91AA /* Foo.m in Sources */ = {isa = PBXBuildFile; fileRef = 848C2467148BEB19001859C8 /* Foo.m */; };
		DA3E6CA5160F8DC0000FEA6C /* ClassMapperDispatchSpec.m in Sources */ = {isa = PBXBuildFile; fileRef = DA3E6CA4160F8DC0000FEA6C /* ClassMapperDispatchSpec.m */; };
		DA3E6CAC160FAA05000FEA6C /* UIKit.framework in Frameworks */ = {isa = PBXBuildFile; fileRef = 848C2445148BE9CA001859C8 /* UIKit.framework */; };
		DA3E6CAD160FAA05000FEA6C /* Foundation.framework in Frameworks */ = {isa = PBXBuildFile; fileRef = 848C2435148BE9CA001859C8 /* Foundation.framework */; };
		DA3E6CAF160FAA05000FEA6C /* CoreGraphics.framework in Frameworks */ = {isa = PBXBuildFile; fileRef = DA3E6CAE160FAA05000FEA6C /* CoreGraphics.framework */; };
		DA3E6CB5160FAA05000FEA6C /* InfoPlist.strings in Resources */ = {isa = PBXBuildFile; fileRef = DA3E6CB3160FAA05000FEA6C /* InfoPlist.strings */; };
		DA3E6CB7160FAA05000FEA6C /* main.m in Sources */ = {isa = PBXBuildFile; fileRef = DA3E6CB6160FAA05000FEA6C /* main.m */; };
		DA3E6CBB160FAA05000FEA6C /* AppDelegate.m in Sources */ = {isa = PBXBuildFile; fileRef = DA3E6CBA160FAA05000FEA6C /* AppDelegate.m */; };
		DA3E6CBD160FAA05000FEA6C /* Default.png in Resources */ = {isa = PBXBuildFile; fileRef = DA3E6CBC160FAA05000FEA6C /* Default.png */; };
		DA3E6CBF160FAA05000FEA6C /* Default@2x.png in Resources */ = {isa = PBXBuildFile; fileRef = DA3E6CBE160FAA05000FEA6C /* Default@2x.png */; };
		DA3E6CC1160FAA05000FEA6C /* Default-568h@2x.png in Resources */ = {isa = PBXBuildFile; fileRef = DA3E6CC0160FAA05000FEA6C /* Default-568h@2x.png */; };
		DA3E6CC4160FAA05000FEA6C /* MainStoryboard.storyboard in Resources */ = {isa = PBXBuildFile; fileRef = DA3E6CC2160FAA05000FEA6C /* MainStoryboard.storyboard */; };
		DA3E6CC7160FAA05000FEA6C /* ViewController.m in Sources */ = {isa = PBXBuildFile; fileRef = DA3E6CC6160FAA05000FEA6C /* ViewController.m */; };
		DA3E6CE6160FAB6B000FEA6C /* BigScalarArrayBenchmark.m in Sources */ = {isa = PBXBuildFile; fileRef = DA3E6CE5160FAB6B000FEA6C /* BigScalarArrayBenchmark.m */; };
		DA3E6CE9160FACB9000FEA6C /* libClassMapper.a in Frameworks */ = {isa = PBXBuildFile; fileRef = 848C2432148BE9CA001859C8 /* libClassMapper.a */; };
		DA3E6CEC160FB17D000FEA6C /* BigObjectArrayBenchmark.m in Sources */ = {isa = PBXBuildFile; fileRef = DA3E6CEB160FB17D000FEA6C /* BigObjectArrayBenchmark.m */; };
		DA3E6CEF160FBB62000FEA6C /* BigNestedObjectArrayBenchmark.m in Sources */ = {isa = PBXBuildFile; fileRef = DA3E6CEE160FBB62000FEA6C /* BigNestedObjectArrayBenchmark.m */; };
		DA927F3D14E36F6900FD3401 /* DateHolder.m in Sources */ = {isa = PBXBuildFile; fileRef = DA927F3C14E36F6900FD3401 /* DateHolder.m */; };
		F00D687C5B31459AB5CDDFF2 /* libPods-test.a in Frameworks */ = {isa = PBXBuildFile; fileRef = EC4FC90FF5D4494F85E5C468 /* libPods-test.a */; };
/* End PBXBuildFile section */

/* Begin PBXContainerItemProxy section */
		848C2448148BE9CA001859C8 /* PBXContainerItemProxy */ = {
			isa = PBXContainerItemProxy;
			containerPortal = 848C2429148BE9CA001859C8 /* Project object */;
			proxyType = 1;
			remoteGlobalIDString = 848C2431148BE9CA001859C8;
			remoteInfo = ClassMapper;
		};
		DA3E6CE7160FAB8D000FEA6C /* PBXContainerItemProxy */ = {
			isa = PBXContainerItemProxy;
			containerPortal = 848C2429148BE9CA001859C8 /* Project object */;
			proxyType = 1;
			remoteGlobalIDString = 848C2431148BE9CA001859C8;
			remoteInfo = ClassMapper;
		};
/* End PBXContainerItemProxy section */

/* Begin PBXFileReference section */
		533146B41529F62B00B260B0 /* BarSubClass.h */ = {isa = PBXFileReference; fileEncoding = 4; lastKnownFileType = sourcecode.c.h; path = BarSubClass.h; sourceTree = "<group>"; };
		533146B51529F62B00B260B0 /* BarSubClass.m */ = {isa = PBXFileReference; fileEncoding = 4; lastKnownFileType = sourcecode.c.objc; path = BarSubClass.m; sourceTree = "<group>"; };
		538AEFC0157002E200B28636 /* PrimitiveHolder.h */ = {isa = PBXFileReference; fileEncoding = 4; lastKnownFileType = sourcecode.c.h; path = PrimitiveHolder.h; sourceTree = "<group>"; };
		538AEFC1157002E200B28636 /* PrimitiveHolder.m */ = {isa = PBXFileReference; fileEncoding = 4; lastKnownFileType = sourcecode.c.objc; path = PrimitiveHolder.m; sourceTree = "<group>"; };
		8403050614D875FA008603DA /* NSMutableDictionary+ClassMapper.h */ = {isa = PBXFileReference; fileEncoding = 4; lastKnownFileType = sourcecode.c.h; name = "NSMutableDictionary+ClassMapper.h"; path = "Categories/NSMutableDictionary+ClassMapper.h"; sourceTree = "<group>"; };
		8403050714D875FA008603DA /* NSMutableDictionary+ClassMapper.m */ = {isa = PBXFileReference; fileEncoding = 4; lastKnownFileType = sourcecode.c.objc; name = "NSMutableDictionary+ClassMapper.m"; path = "Categories/NSMutableDictionary+ClassMapper.m"; sourceTree = "<group>"; };
		8421530414B60CE2001999B6 /* Zip.h */ = {isa = PBXFileReference; fileEncoding = 4; lastKnownFileType = sourcecode.c.h; path = Zip.h; sourceTree = "<group>"; };
		8421530514B60CE2001999B6 /* Zip.m */ = {isa = PBXFileReference; fileEncoding = 4; lastKnownFileType = sourcecode.c.objc; path = Zip.m; sourceTree = "<group>"; };
		843EC45314E844B500DD381E /* IdHolder.h */ = {isa = PBXFileReference; fileEncoding = 4; lastKnownFileType = sourcecode.c.h; path = IdHolder.h; sourceTree = "<group>"; };
		843EC45414E844B500DD381E /* IdHolder.m */ = {isa = PBXFileReference; fileEncoding = 4; lastKnownFileType = sourcecode.c.objc; path = IdHolder.m; sourceTree = "<group>"; };
		8448A63014BF938000F457E1 /* NSArray+ClassMapper.h */ = {isa = PBXFileReference; fileEncoding = 4; lastKnownFileType = sourcecode.c.h; name = "NSArray+ClassMapper.h"; path = "Categories/NSArray+ClassMapper.h"; sourceTree = "<group>"; };
		8448A63114BF938000F457E1 /* NSArray+ClassMapper.m */ = {isa = PBXFileReference; fileEncoding = 4; lastKnownFileType = sourcecode.c.objc; name = "NSArray+ClassMapper.m"; path = "Categories/NSArray+ClassMapper.m"; sourceTree = "<group>"; };
		8448A63214BF938000F457E1 /* NSDictionary+ClassMapper.h */ = {isa = PBXFileReference; fileEncoding = 4; lastKnownFileType = sourcecode.c.h; name = "NSDictionary+ClassMapper.h"; path = "Categories/NSDictionary+ClassMapper.h"; sourceTree = "<group>"; };
		8448A63314BF938000F457E1 /* NSDictionary+ClassMapper.m */ = {isa = PBXFileReference; fileEncoding = 4; lastKnownFileType = sourcecode.c.objc; name = "NSDictionary+ClassMapper.m"; path = "Categories/NSDictionary+ClassMapper.m"; sourceTree = "<group>"; };
		8448A63414BF938000F457E1 /* NSNumber+ClassMapper.h */ = {isa = PBXFileReference; fileEncoding = 4; lastKnownFileType = sourcecode.c.h; name = "NSNumber+ClassMapper.h"; path = "Categories/NSNumber+ClassMapper.h"; sourceTree = "<group>"; };
		8448A63514BF938000F457E1 /* NSNumber+ClassMapper.m */ = {isa = PBXFileReference; fileEncoding = 4; lastKnownFileType = sourcecode.c.objc; name = "NSNumber+ClassMapper.m"; path = "Categories/NSNumber+ClassMapper.m"; sourceTree = "<group>"; };
		8448A63614BF938000F457E1 /* NSObject+ClassMapper.h */ = {isa = PBXFileReference; fileEncoding = 4; lastKnownFileType = sourcecode.c.h; name = "NSObject+ClassMapper.h"; path = "Categories/NSObject+ClassMapper.h"; sourceTree = "<group>"; };
		8448A63714BF938000F457E1 /* NSObject+ClassMapper.m */ = {isa = PBXFileReference; fileEncoding = 4; lastKnownFileType = sourcecode.c.objc; name = "NSObject+ClassMapper.m"; path = "Categories/NSObject+ClassMapper.m"; sourceTree = "<group>"; };
		8448A63814BF938000F457E1 /* NSString+ClassMapper.h */ = {isa = PBXFileReference; fileEncoding = 4; lastKnownFileType = sourcecode.c.h; name = "NSString+ClassMapper.h"; path = "Categories/NSString+ClassMapper.h"; sourceTree = "<group>"; };
		8448A63914BF938000F457E1 /* NSString+ClassMapper.m */ = {isa = PBXFileReference; fileEncoding = 4; lastKnownFileType = sourcecode.c.objc; name = "NSString+ClassMapper.m"; path = "Categories/NSString+ClassMapper.m"; sourceTree = "<group>"; };
		8448A63A14BF938000F457E1 /* Serializable.h */ = {isa = PBXFileReference; fileEncoding = 4; lastKnownFileType = sourcecode.c.h; name = Serializable.h; path = Categories/Serializable.h; sourceTree = "<group>"; };
		845E096A14BB9882007066E4 /* ArrayHolder.h */ = {isa = PBXFileReference; fileEncoding = 4; lastKnownFileType = sourcecode.c.h; path = ArrayHolder.h; sourceTree = "<group>"; };
		845E096B14BB9882007066E4 /* ArrayHolder.m */ = {isa = PBXFileReference; fileEncoding = 4; lastKnownFileType = sourcecode.c.objc; path = ArrayHolder.m; sourceTree = "<group>"; };
		84632DC314F024D200ADA083 /* NSDate+ClassMapper.h */ = {isa = PBXFileReference; fileEncoding = 4; lastKnownFileType = sourcecode.c.h; path = "NSDate+ClassMapper.h"; sourceTree = "<group>"; };
		84632DC414F024D200ADA083 /* NSDate+ClassMapper.m */ = {isa = PBXFileReference; fileEncoding = 4; lastKnownFileType = sourcecode.c.objc; path = "NSDate+ClassMapper.m"; sourceTree = "<group>"; };
		84632DD314F0292B00ADA083 /* NSNull+ClassMapper.h */ = {isa = PBXFileReference; fileEncoding = 4; lastKnownFileType = sourcecode.c.h; name = "NSNull+ClassMapper.h"; path = "Categories/NSNull+ClassMapper.h"; sourceTree = "<group>"; };
		84632DD414F0292B00ADA083 /* NSNull+ClassMapper.m */ = {isa = PBXFileReference; fileEncoding = 4; lastKnownFileType = sourcecode.c.objc; name = "NSNull+ClassMapper.m"; path = "Categories/NSNull+ClassMapper.m"; sourceTree = "<group>"; };
		84655A9814D0DAE400B9AD34 /* NSMutableArray+ClassMapper.h */ = {isa = PBXFileReference; fileEncoding = 4; lastKnownFileType = sourcecode.c.h; name = "NSMutableArray+ClassMapper.h"; path = "Categories/NSMutableArray+ClassMapper.h"; sourceTree = "<group>"; };
		84655A9914D0DAE400B9AD34 /* NSMutableArray+ClassMapper.m */ = {isa = PBXFileReference; fileEncoding = 4; lastKnownFileType = sourcecode.c.objc; name = "NSMutableArray+ClassMapper.m"; path = "Categories/NSMutableArray+ClassMapper.m"; sourceTree = "<group>"; };
		84655AA014D1ED1C00B9AD34 /* Mappable.h */ = {isa = PBXFileReference; fileEncoding = 4; lastKnownFileType = sourcecode.c.h; name = Mappable.h; path = Categories/Mappable.h; sourceTree = "<group>"; };
		848C2432148BE9CA001859C8 /* libClassMapper.a */ = {isa = PBXFileReference; explicitFileType = archive.ar; includeInIndex = 0; path = libClassMapper.a; sourceTree = BUILT_PRODUCTS_DIR; };
		848C2435148BE9CA001859C8 /* Foundation.framework */ = {isa = PBXFileReference; includeInIndex = 1; lastKnownFileType = wrapper.framework; name = Foundation.framework; path = System/Library/Frameworks/Foundation.framework; sourceTree = SDKROOT; };
		848C2439148BE9CA001859C8 /* ClassMapper-Prefix.pch */ = {isa = PBXFileReference; lastKnownFileType = sourcecode.c.h; path = "ClassMapper-Prefix.pch"; sourceTree = "<group>"; };
		848C243A148BE9CA001859C8 /* ClassMapper.h */ = {isa = PBXFileReference; lastKnownFileType = sourcecode.c.h; lineEnding = 0; path = ClassMapper.h; sourceTree = "<group>"; xcLanguageSpecificationIdentifier = xcode.lang.objcpp; };
		848C243B148BE9CA001859C8 /* ClassMapper.m */ = {isa = PBXFileReference; lastKnownFileType = sourcecode.c.objc; lineEnding = 0; path = ClassMapper.m; sourceTree = "<group>"; xcLanguageSpecificationIdentifier = xcode.lang.objc; };
		848C2442148BE9CA001859C8 /* ClassMapperTests.octest */ = {isa = PBXFileReference; explicitFileType = wrapper.cfbundle; includeInIndex = 0; path = ClassMapperTests.octest; sourceTree = BUILT_PRODUCTS_DIR; };
		848C2443148BE9CA001859C8 /* SenTestingKit.framework */ = {isa = PBXFileReference; includeInIndex = 1; lastKnownFileType = wrapper.framework; name = SenTestingKit.framework; path = Library/Frameworks/SenTestingKit.framework; sourceTree = DEVELOPER_DIR; };
		848C2445148BE9CA001859C8 /* UIKit.framework */ = {isa = PBXFileReference; includeInIndex = 1; lastKnownFileType = wrapper.framework; name = UIKit.framework; path = Library/Frameworks/UIKit.framework; sourceTree = DEVELOPER_DIR; };
		848C244D148BE9CA001859C8 /* ClassMapperTests-Info.plist */ = {isa = PBXFileReference; lastKnownFileType = text.plist.xml; path = "ClassMapperTests-Info.plist"; sourceTree = "<group>"; };
		848C244F148BE9CA001859C8 /* en */ = {isa = PBXFileReference; lastKnownFileType = text.plist.strings; name = en; path = en.lproj/InfoPlist.strings; sourceTree = "<group>"; };
		848C2451148BE9CA001859C8 /* ClassMapperTests.h */ = {isa = PBXFileReference; lastKnownFileType = sourcecode.c.h; path = ClassMapperTests.h; sourceTree = "<group>"; };
		848C2452148BE9CA001859C8 /* ClassMapperTests.m */ = {isa = PBXFileReference; lastKnownFileType = sourcecode.c.objc; path = ClassMapperTests.m; sourceTree = "<group>"; };
		848C245C148BEA37001859C8 /* MapperConfig.h */ = {isa = PBXFileReference; fileEncoding = 4; lastKnownFileType = sourcecode.c.h; path = MapperConfig.h; sourceTree = "<group>"; };
		848C245D148BEA37001859C8 /* MapperConfig.m */ = {isa = PBXFileReference; fileEncoding = 4; lastKnownFileType = sourcecode.c.objc; path = MapperConfig.m; sourceTree = "<group>"; };
		848C2464148BEB19001859C8 /* Bar.h */ = {isa = PBXFileReference; fileEncoding = 4; lastKnownFileType = sourcecode.c.h; path = Bar.h; sourceTree = "<group>"; };
		848C2465148BEB19001859C8 /* Bar.m */ = {isa = PBXFileReference; fileEncoding = 4; lastKnownFileType = sourcecode.c.objc; path = Bar.m; sourceTree = "<group>"; };
		848C2466148BEB19001859C8 /* Foo.h */ = {isa = PBXFileReference; fileEncoding = 4; lastKnownFileType = sourcecode.c.h; path = Foo.h; sourceTree = "<group>"; };
		848C2467148BEB19001859C8 /* Foo.m */ = {isa = PBXFileReference; fileEncoding = 4; lastKnownFileType = sourcecode.c.objc; path = Foo.m; sourceTree = "<group>"; };
		B3B36F1DFB9747C3AA1DD078 /* Pods-test.xcconfig */ = {isa = PBXFileReference; includeInIndex = 1; lastKnownFileType = text.xcconfig; name = "Pods-test.xcconfig"; path = "Pods/Pods-test.xcconfig"; sourceTree = SOURCE_ROOT; };
		DA0690F914AAB52E006E4DFF /* README.md */ = {isa = PBXFileReference; fileEncoding = 4; lastKnownFileType = text; path = README.md; sourceTree = "<group>"; };
		DA3E6CA4160F8DC0000FEA6C /* ClassMapperDispatchSpec.m */ = {isa = PBXFileReference; fileEncoding = 4; lastKnownFileType = sourcecode.c.objc; path = ClassMapperDispatchSpec.m; sourceTree = "<group>"; };
		DA3E6CAA160FAA05000FEA6C /* ClassMapperBenchmark.app */ = {isa = PBXFileReference; explicitFileType = wrapper.application; includeInIndex = 0; path = ClassMapperBenchmark.app; sourceTree = BUILT_PRODUCTS_DIR; };
		DA3E6CAE160FAA05000FEA6C /* CoreGraphics.framework */ = {isa = PBXFileReference; lastKnownFileType = wrapper.framework; name = CoreGraphics.framework; path = System/Library/Frameworks/CoreGraphics.framework; sourceTree = SDKROOT; };
		DA3E6CB2160FAA05000FEA6C /* ClassMapperBenchmark-Info.plist */ = {isa = PBXFileReference; lastKnownFileType = text.plist.xml; path = "ClassMapperBenchmark-Info.plist"; sourceTree = "<group>"; };
		DA3E6CB4160FAA05000FEA6C /* en */ = {isa = PBXFileReference; lastKnownFileType = text.plist.strings; name = en; path = en.lproj/InfoPlist.strings; sourceTree = "<group>"; };
		DA3E6CB6160FAA05000FEA6C /* main.m */ = {isa = PBXFileReference; lastKnownFileType = sourcecode.c.objc; path = main.m; sourceTree = "<group>"; };
		DA3E6CB8160FAA05000FEA6C /* ClassMapperBenchmark-Prefix.pch */ = {isa = PBXFileReference; lastKnownFileType = sourcecode.c.h; path = "ClassMapperBenchmark-Prefix.pch"; sourceTree = "<group>"; };
		DA3E6CB9160FAA05000FEA6C /* AppDelegate.h */ = {isa = PBXFileReference; lastKnownFileType = sourcecode.c.h; path = AppDelegate.h; sourceTree = "<group>"; };
		DA3E6CBA160FAA05000FEA6C /* AppDelegate.m */ = {isa = PBXFileReference; lastKnownFileType = sourcecode.c.objc; path = AppDelegate.m; sourceTree = "<group>"; };
		DA3E6CBC160FAA05000FEA6C /* Default.png */ = {isa = PBXFileReference; lastKnownFileType = image.png; path = Default.png; sourceTree = "<group>"; };
		DA3E6CBE160FAA05000FEA6C /* Default@2x.png */ = {isa = PBXFileReference; lastKnownFileType = image.png; path = "Default@2x.png"; sourceTree = "<group>"; };
		DA3E6CC0160FAA05000FEA6C /* Default-568h@2x.png */ = {isa = PBXFileReference; lastKnownFileType = image.png; path = "Default-568h@2x.png"; sourceTree = "<group>"; };
		DA3E6CC3160FAA05000FEA6C /* en */ = {isa = PBXFileReference; lastKnownFileType = file.storyboard; name = en; path = en.lproj/MainStoryboard.storyboard; sourceTree = "<group>"; };
		DA3E6CC5160FAA05000FEA6C /* ViewController.h */ = {isa = PBXFileReference; lastKnownFileType = sourcecode.c.h; path = ViewController.h; sourceTree = "<group>"; };
		DA3E6CC6160FAA05000FEA6C /* ViewController.m */ = {isa = PBXFileReference; lastKnownFileType = sourcecode.c.objc; path = ViewController.m; sourceTree = "<group>"; };
		DA3E6CE2160FAABD000FEA6C /* ClassMapperBenchmark.h */ = {isa = PBXFileReference; lastKnownFileType = sourcecode.c.h; path = ClassMapperBenchmark.h; sourceTree = "<group>"; };
		DA3E6CE4160FAB6B000FEA6C /* BigScalarArrayBenchmark.h */ = {isa = PBXFileReference; fileEncoding = 4; lastKnownFileType = sourcecode.c.h; path = BigScalarArrayBenchmark.h; sourceTree = "<group>"; };
		DA3E6CE5160FAB6B000FEA6C /* BigScalarArrayBenchmark.m */ = {isa = PBXFileReference; fileEncoding = 4; lastKnownFileType = sourcecode.c.objc; path = BigScalarArrayBenchmark.m; sourceTree = "<group>"; };
		DA3E6CEA160FB17D000FEA6C /* BigObjectArrayBenchmark.h */ = {isa = PBXFileReference; fileEncoding = 4; lastKnownFileType = sourcecode.c.h; path = BigObjectArrayBenchmark.h; sourceTree = "<group>"; };
		DA3E6CEB160FB17D000FEA6C /* BigObjectArrayBenchmark.m */ = {isa = PBXFileReference; fileEncoding = 4; lastKnownFileType = sourcecode.c.objc; path = BigObjectArrayBenchmark.m; sourceTree = "<group>"; };
		DA3E6CED160FBB62000FEA6C /* BigNestedObjectArrayBenchmark.h */ = {isa = PBXFileReference; fileEncoding = 4; lastKnownFileType = sourcecode.c.h; path = BigNestedObjectArrayBenchmark.h; sourceTree = "<group>"; };
		DA3E6CEE160FBB62000FEA6C /* BigNestedObjectArrayBenchmark.m */ = {isa = PBXFileReference; fileEncoding = 4; lastKnownFileType = sourcecode.c.objc; path = BigNestedObjectArrayBenchmark.m; sourceTree = "<group>"; };
		DA927F3B14E36F6900FD3401 /* DateHolder.h */ = {isa = PBXFileReference; fileEncoding = 4; lastKnownFileType = sourcecode.c.h; path = DateHolder.h; sourceTree = "<group>"; };
		DA927F3C14E36F6900FD3401 /* DateHolder.m */ = {isa = PBXFileReference; fileEncoding = 4; lastKnownFileType = sourcecode.c.objc; path = DateHolder.m; sourceTree = "<group>"; };
		EC4FC90FF5D4494F85E5C468 /* libPods-test.a */ = {isa = PBXFileReference; explicitFileType = archive.ar; includeInIndex = 0; path = "libPods-test.a"; sourceTree = BUILT_PRODUCTS_DIR; };
/* End PBXFileReference section */

/* Begin PBXFrameworksBuildPhase section */
		848C242F148BE9CA001859C8 /* Frameworks */ = {
			isa = PBXFrameworksBuildPhase;
			buildActionMask = 2147483647;
			files = (
				848C2436148BE9CA001859C8 /* Foundation.framework in Frameworks */,
			);
			runOnlyForDeploymentPostprocessing = 0;
		};
		848C243E148BE9CA001859C8 /* Frameworks */ = {
			isa = PBXFrameworksBuildPhase;
			buildActionMask = 2147483647;
			files = (
				848C2444148BE9CA001859C8 /* SenTestingKit.framework in Frameworks */,
				848C2446148BE9CA001859C8 /* UIKit.framework in Frameworks */,
				848C2447148BE9CA001859C8 /* Foundation.framework in Frameworks */,
				848C244A148BE9CA001859C8 /* libClassMapper.a in Frameworks */,
				F00D687C5B31459AB5CDDFF2 /* libPods-test.a in Frameworks */,
			);
			runOnlyForDeploymentPostprocessing = 0;
		};
		DA3E6CA7160FAA05000FEA6C /* Frameworks */ = {
			isa = PBXFrameworksBuildPhase;
			buildActionMask = 2147483647;
			files = (
				DA3E6CE9160FACB9000FEA6C /* libClassMapper.a in Frameworks */,
				DA3E6CAC160FAA05000FEA6C /* UIKit.framework in Frameworks */,
				DA3E6CAD160FAA05000FEA6C /* Foundation.framework in Frameworks */,
				DA3E6CAF160FAA05000FEA6C /* CoreGraphics.framework in Frameworks */,
			);
			runOnlyForDeploymentPostprocessing = 0;
		};
/* End PBXFrameworksBuildPhase section */

/* Begin PBXGroup section */
		848C2427148BE9CA001859C8 = {
			isa = PBXGroup;
			children = (
				848C2437148BE9CA001859C8 /* ClassMapper */,
				848C244B148BE9CA001859C8 /* ClassMapperTests */,
				DA3E6CB0160FAA05000FEA6C /* ClassMapperBenchmark */,
				848C2434148BE9CA001859C8 /* Frameworks */,
				848C2433148BE9CA001859C8 /* Products */,
				DA0690F914AAB52E006E4DFF /* README.md */,
				B3B36F1DFB9747C3AA1DD078 /* Pods-test.xcconfig */,
			);
			sourceTree = "<group>";
		};
		848C2433148BE9CA001859C8 /* Products */ = {
			isa = PBXGroup;
			children = (
				848C2432148BE9CA001859C8 /* libClassMapper.a */,
				848C2442148BE9CA001859C8 /* ClassMapperTests.octest */,
				DA3E6CAA160FAA05000FEA6C /* ClassMapperBenchmark.app */,
			);
			name = Products;
			sourceTree = "<group>";
		};
		848C2434148BE9CA001859C8 /* Frameworks */ = {
			isa = PBXGroup;
			children = (
				848C2435148BE9CA001859C8 /* Foundation.framework */,
				848C2443148BE9CA001859C8 /* SenTestingKit.framework */,
				848C2445148BE9CA001859C8 /* UIKit.framework */,
				EC4FC90FF5D4494F85E5C468 /* libPods-test.a */,
				DA3E6CAE160FAA05000FEA6C /* CoreGraphics.framework */,
			);
			name = Frameworks;
			sourceTree = "<group>";
		};
		848C2437148BE9CA001859C8 /* ClassMapper */ = {
			isa = PBXGroup;
			children = (
				DA0EEE9D14AB6C8500DE91AA /* Categories */,
				848C243A148BE9CA001859C8 /* ClassMapper.h */,
				848C243B148BE9CA001859C8 /* ClassMapper.m */,
				848C245C148BEA37001859C8 /* MapperConfig.h */,
				848C245D148BEA37001859C8 /* MapperConfig.m */,
				848C2438148BE9CA001859C8 /* Supporting Files */,
			);
			path = ClassMapper;
			sourceTree = "<group>";
		};
		848C2438148BE9CA001859C8 /* Supporting Files */ = {
			isa = PBXGroup;
			children = (
				848C2439148BE9CA001859C8 /* ClassMapper-Prefix.pch */,
			);
			name = "Supporting Files";
			sourceTree = "<group>";
		};
		848C244B148BE9CA001859C8 /* ClassMapperTests */ = {
			isa = PBXGroup;
			children = (
				84632DC314F024D200ADA083 /* NSDate+ClassMapper.h */,
				84632DC414F024D200ADA083 /* NSDate+ClassMapper.m */,
				848C246C148BEB1F001859C8 /* Test Classes */,
				848C2451148BE9CA001859C8 /* ClassMapperTests.h */,
				848C2452148BE9CA001859C8 /* ClassMapperTests.m */,
				848C244C148BE9CA001859C8 /* Supporting Files */,
				DA3E6CA4160F8DC0000FEA6C /* ClassMapperDispatchSpec.m */,
			);
			path = ClassMapperTests;
			sourceTree = "<group>";
		};
		848C244C148BE9CA001859C8 /* Supporting Files */ = {
			isa = PBXGroup;
			children = (
				848C244D148BE9CA001859C8 /* ClassMapperTests-Info.plist */,
				848C244E148BE9CA001859C8 /* InfoPlist.strings */,
			);
			name = "Supporting Files";
			sourceTree = "<group>";
		};
		848C246C148BEB1F001859C8 /* Test Classes */ = {
			isa = PBXGroup;
			children = (
				848C2464148BEB19001859C8 /* Bar.h */,
				848C2465148BEB19001859C8 /* Bar.m */,
				848C2466148BEB19001859C8 /* Foo.h */,
				848C2467148BEB19001859C8 /* Foo.m */,
				8421530414B60CE2001999B6 /* Zip.h */,
				8421530514B60CE2001999B6 /* Zip.m */,
				845E096A14BB9882007066E4 /* ArrayHolder.h */,
				845E096B14BB9882007066E4 /* ArrayHolder.m */,
				DA927F3B14E36F6900FD3401 /* DateHolder.h */,
				DA927F3C14E36F6900FD3401 /* DateHolder.m */,
				843EC45314E844B500DD381E /* IdHolder.h */,
				843EC45414E844B500DD381E /* IdHolder.m */,
				533146B41529F62B00B260B0 /* BarSubClass.h */,
				533146B51529F62B00B260B0 /* BarSubClass.m */,
				538AEFC0157002E200B28636 /* PrimitiveHolder.h */,
				538AEFC1157002E200B28636 /* PrimitiveHolder.m */,
			);
			name = "Test Classes";
			sourceTree = "<group>";
		};
		DA0EEE9D14AB6C8500DE91AA /* Categories */ = {
			isa = PBXGroup;
			children = (
				84655AA014D1ED1C00B9AD34 /* Mappable.h */,
				8448A63014BF938000F457E1 /* NSArray+ClassMapper.h */,
				8448A63114BF938000F457E1 /* NSArray+ClassMapper.m */,
				8448A63214BF938000F457E1 /* NSDictionary+ClassMapper.h */,
				8448A63314BF938000F457E1 /* NSDictionary+ClassMapper.m */,
				84655A9814D0DAE400B9AD34 /* NSMutableArray+ClassMapper.h */,
				84655A9914D0DAE400B9AD34 /* NSMutableArray+ClassMapper.m */,
				8403050614D875FA008603DA /* NSMutableDictionary+ClassMapper.h */,
				8403050714D875FA008603DA /* NSMutableDictionary+ClassMapper.m */,
				8448A63414BF938000F457E1 /* NSNumber+ClassMapper.h */,
				8448A63514BF938000F457E1 /* NSNumber+ClassMapper.m */,
				8448A63614BF938000F457E1 /* NSObject+ClassMapper.h */,
				8448A63714BF938000F457E1 /* NSObject+ClassMapper.m */,
				8448A63814BF938000F457E1 /* NSString+ClassMapper.h */,
				8448A63914BF938000F457E1 /* NSString+ClassMapper.m */,
				8448A63A14BF938000F457E1 /* Serializable.h */,
				84632DD314F0292B00ADA083 /* NSNull+ClassMapper.h */,
				84632DD414F0292B00ADA083 /* NSNull+ClassMapper.m */,
			);
			name = Categories;
			sourceTree = "<group>";
		};
		DA3E6CB0160FAA05000FEA6C /* ClassMapperBenchmark */ = {
			isa = PBXGroup;
			children = (
				DA3E6CE3160FAB3D000FEA6C /* Benchmarks */,
				DA3E6CB9160FAA05000FEA6C /* AppDelegate.h */,
				DA3E6CBA160FAA05000FEA6C /* AppDelegate.m */,
				DA3E6CC2160FAA05000FEA6C /* MainStoryboard.storyboard */,
				DA3E6CC5160FAA05000FEA6C /* ViewController.h */,
				DA3E6CC6160FAA05000FEA6C /* ViewController.m */,
				DA3E6CB1160FAA05000FEA6C /* Supporting Files */,
			);
			path = ClassMapperBenchmark;
			sourceTree = "<group>";
		};
		DA3E6CB1160FAA05000FEA6C /* Supporting Files */ = {
			isa = PBXGroup;
			children = (
				DA3E6CB2160FAA05000FEA6C /* ClassMapperBenchmark-Info.plist */,
				DA3E6CB3160FAA05000FEA6C /* InfoPlist.strings */,
				DA3E6CB6160FAA05000FEA6C /* main.m */,
				DA3E6CB8160FAA05000FEA6C /* ClassMapperBenchmark-Prefix.pch */,
				DA3E6CBC160FAA05000FEA6C /* Default.png */,
				DA3E6CBE160FAA05000FEA6C /* Default@2x.png */,
				DA3E6CC0160FAA05000FEA6C /* Default-568h@2x.png */,
			);
			name = "Supporting Files";
			sourceTree = "<group>";
		};
		DA3E6CE3160FAB3D000FEA6C /* Benchmarks */ = {
			isa = PBXGroup;
			children = (
				DA3E6CE2160FAABD000FEA6C /* ClassMapperBenchmark.h */,
				DA3E6CE4160FAB6B000FEA6C /* BigScalarArrayBenchmark.h */,
				DA3E6CE5160FAB6B000FEA6C /* BigScalarArrayBenchmark.m */,
				DA3E6CEA160FB17D000FEA6C /* BigObjectArrayBenchmark.h */,
				DA3E6CEB160FB17D000FEA6C /* BigObjectArrayBenchmark.m */,
				DA3E6CED160FBB62000FEA6C /* BigNestedObjectArrayBenchmark.h */,
				DA3E6CEE160FBB62000FEA6C /* BigNestedObjectArrayBenchmark.m */,
			);
			name = Benchmarks;
			sourceTree = "<group>";
		};
/* End PBXGroup section */

/* Begin PBXHeadersBuildPhase section */
		848C2430148BE9CA001859C8 /* Headers */ = {
			isa = PBXHeadersBuildPhase;
			buildActionMask = 2147483647;
			files = (
				848C245E148BEA37001859C8 /* MapperConfig.h in Headers */,
				8448A63B14BF938000F457E1 /* NSArray+ClassMapper.h in Headers */,
				8448A63D14BF938000F457E1 /* NSDictionary+ClassMapper.h in Headers */,
				8448A63F14BF938000F457E1 /* NSNumber+ClassMapper.h in Headers */,
				8448A64114BF938000F457E1 /* NSObject+ClassMapper.h in Headers */,
				8448A64314BF938000F457E1 /* NSString+ClassMapper.h in Headers */,
				8448A64514BF938000F457E1 /* Serializable.h in Headers */,
				84655A9A14D0DAE500B9AD34 /* NSMutableArray+ClassMapper.h in Headers */,
				84655AA114D1ED1C00B9AD34 /* Mappable.h in Headers */,
				8403050814D875FA008603DA /* NSMutableDictionary+ClassMapper.h in Headers */,
				843EC45514E844B500DD381E /* IdHolder.h in Headers */,
				84632DC514F024D200ADA083 /* NSDate+ClassMapper.h in Headers */,
				84632DD514F0292B00ADA083 /* NSNull+ClassMapper.h in Headers */,
			);
			runOnlyForDeploymentPostprocessing = 0;
		};
/* End PBXHeadersBuildPhase section */

/* Begin PBXNativeTarget section */
		848C2431148BE9CA001859C8 /* ClassMapper */ = {
			isa = PBXNativeTarget;
			buildConfigurationList = 848C2456148BE9CA001859C8 /* Build configuration list for PBXNativeTarget "ClassMapper" */;
			buildPhases = (
				848C242E148BE9CA001859C8 /* Sources */,
				848C242F148BE9CA001859C8 /* Frameworks */,
				848C2430148BE9CA001859C8 /* Headers */,
			);
			buildRules = (
			);
			dependencies = (
			);
			name = ClassMapper;
			productName = ClassMapper;
			productReference = 848C2432148BE9CA001859C8 /* libClassMapper.a */;
			productType = "com.apple.product-type.library.static";
		};
		848C2441148BE9CA001859C8 /* ClassMapperTests */ = {
			isa = PBXNativeTarget;
			buildConfigurationList = 848C2459148BE9CA001859C8 /* Build configuration list for PBXNativeTarget "ClassMapperTests" */;
			buildPhases = (
				848C243D148BE9CA001859C8 /* Sources */,
				848C243E148BE9CA001859C8 /* Frameworks */,
				848C243F148BE9CA001859C8 /* Resources */,
				848C2440148BE9CA001859C8 /* ShellScript */,
				EFA77AEA86CA419694C2AB82 /* Copy Pods Resources */,
			);
			buildRules = (
			);
			dependencies = (
				848C2449148BE9CA001859C8 /* PBXTargetDependency */,
			);
			name = ClassMapperTests;
			productName = ClassMapperTests;
			productReference = 848C2442148BE9CA001859C8 /* ClassMapperTests.octest */;
			productType = "com.apple.product-type.bundle";
		};
		DA3E6CA9160FAA05000FEA6C /* ClassMapperBenchmark */ = {
			isa = PBXNativeTarget;
			buildConfigurationList = DA3E6CDC160FAA05000FEA6C /* Build configuration list for PBXNativeTarget "ClassMapperBenchmark" */;
			buildPhases = (
				DA3E6CA6160FAA05000FEA6C /* Sources */,
				DA3E6CA7160FAA05000FEA6C /* Frameworks */,
				DA3E6CA8160FAA05000FEA6C /* Resources */,
			);
			buildRules = (
			);
			dependencies = (
				DA3E6CE8160FAB8D000FEA6C /* PBXTargetDependency */,
			);
			name = ClassMapperBenchmark;
			productName = ClassMapperBenchmark;
			productReference = DA3E6CAA160FAA05000FEA6C /* ClassMapperBenchmark.app */;
			productType = "com.apple.product-type.application";
		};
/* End PBXNativeTarget section */

/* Begin PBXProject section */
		848C2429148BE9CA001859C8 /* Project object */ = {
			isa = PBXProject;
			attributes = {
				LastUpgradeCheck = 0430;
				ORGANIZATIONNAME = "Patrick Shields";
			};
			buildConfigurationList = 848C242C148BE9CA001859C8 /* Build configuration list for PBXProject "ClassMapper" */;
			compatibilityVersion = "Xcode 3.2";
			developmentRegion = English;
			hasScannedForEncodings = 0;
			knownRegions = (
				en,
			);
			mainGroup = 848C2427148BE9CA001859C8;
			productRefGroup = 848C2433148BE9CA001859C8 /* Products */;
			projectDirPath = "";
			projectRoot = "";
			targets = (
				848C2431148BE9CA001859C8 /* ClassMapper */,
				848C2441148BE9CA001859C8 /* ClassMapperTests */,
				DA3E6CA9160FAA05000FEA6C /* ClassMapperBenchmark */,
			);
		};
/* End PBXProject section */

/* Begin PBXResourcesBuildPhase section */
		848C243F148BE9CA001859C8 /* Resources */ = {
			isa = PBXResourcesBuildPhase;
			buildActionMask = 2147483647;
			files = (
				848C2450148BE9CA001859C8 /* InfoPlist.strings in Resources */,
			);
			runOnlyForDeploymentPostprocessing = 0;
		};
		DA3E6CA8160FAA05000FEA6C /* Resources */ = {
			isa = PBXResourcesBuildPhase;
			buildActionMask = 2147483647;
			files = (
				DA3E6CB5160FAA05000FEA6C /* InfoPlist.strings in Resources */,
				DA3E6CBD160FAA05000FEA6C /* Default.png in Resources */,
				DA3E6CBF160FAA05000FEA6C /* Default@2x.png in Resources */,
				DA3E6CC1160FAA05000FEA6C /* Default-568h@2x.png in Resources */,
				DA3E6CC4160FAA05000FEA6C /* MainStoryboard.storyboard in Resources */,
			);
			runOnlyForDeploymentPostprocessing = 0;
		};
/* End PBXResourcesBuildPhase section */

/* Begin PBXShellScriptBuildPhase section */
		848C2440148BE9CA001859C8 /* ShellScript */ = {
			isa = PBXShellScriptBuildPhase;
			buildActionMask = 2147483647;
			files = (
			);
			inputPaths = (
			);
			outputPaths = (
			);
			runOnlyForDeploymentPostprocessing = 0;
			shellPath = /bin/sh;
			shellScript = "# Run the unit tests in this test bundle.\n\"${SYSTEM_DEVELOPER_DIR}/Tools/RunUnitTests\"\n";
		};
		EFA77AEA86CA419694C2AB82 /* Copy Pods Resources */ = {
			isa = PBXShellScriptBuildPhase;
			buildActionMask = 2147483647;
			files = (
			);
			inputPaths = (
			);
			name = "Copy Pods Resources";
			outputPaths = (
			);
			runOnlyForDeploymentPostprocessing = 0;
			shellPath = /bin/sh;
			shellScript = "\"${SRCROOT}/Pods/Pods-test-resources.sh\"\n";
		};
/* End PBXShellScriptBuildPhase section */

/* Begin PBXSourcesBuildPhase section */
		848C242E148BE9CA001859C8 /* Sources */ = {
			isa = PBXSourcesBuildPhase;
			buildActionMask = 2147483647;
			files = (
				848C243C148BE9CA001859C8 /* ClassMapper.m in Sources */,
				848C245F148BEA37001859C8 /* MapperConfig.m in Sources */,
				8448A63C14BF938000F457E1 /* NSArray+ClassMapper.m in Sources */,
				8448A63E14BF938000F457E1 /* NSDictionary+ClassMapper.m in Sources */,
				8448A64014BF938000F457E1 /* NSNumber+ClassMapper.m in Sources */,
				8448A64214BF938000F457E1 /* NSObject+ClassMapper.m in Sources */,
				8448A64414BF938000F457E1 /* NSString+ClassMapper.m in Sources */,
				84655A9B14D0DAE500B9AD34 /* NSMutableArray+ClassMapper.m in Sources */,
				8403050914D875FA008603DA /* NSMutableDictionary+ClassMapper.m in Sources */,
				843EC45614E844B500DD381E /* IdHolder.m in Sources */,
				84632DC614F024D200ADA083 /* NSDate+ClassMapper.m in Sources */,
				84632DD614F0292B00ADA083 /* NSNull+ClassMapper.m in Sources */,
			);
			runOnlyForDeploymentPostprocessing = 0;
		};
		848C243D148BE9CA001859C8 /* Sources */ = {
			isa = PBXSourcesBuildPhase;
			buildActionMask = 2147483647;
			files = (
				DA0EEEB514AB75C000DE91AA /* Bar.m in Sources */,
				DA0EEEB614AB75C000DE91AA /* Foo.m in Sources */,
				848C2453148BE9CA001859C8 /* ClassMapperTests.m in Sources */,
				8421530614B60CE2001999B6 /* Zip.m in Sources */,
				845E096C14BB9882007066E4 /* ArrayHolder.m in Sources */,
				DA927F3D14E36F6900FD3401 /* DateHolder.m in Sources */,
				533146B61529F62B00B260B0 /* BarSubClass.m in Sources */,
				538AEFC2157002E200B28636 /* PrimitiveHolder.m in Sources */,
				DA3E6CA5160F8DC0000FEA6C /* ClassMapperDispatchSpec.m in Sources */,
			);
			runOnlyForDeploymentPostprocessing = 0;
		};
		DA3E6CA6160FAA05000FEA6C /* Sources */ = {
			isa = PBXSourcesBuildPhase;
			buildActionMask = 2147483647;
			files = (
				DA3E6CB7160FAA05000FEA6C /* main.m in Sources */,
				DA3E6CBB160FAA05000FEA6C /* AppDelegate.m in Sources */,
				DA3E6CC7160FAA05000FEA6C /* ViewController.m in Sources */,
				DA3E6CE6160FAB6B000FEA6C /* BigScalarArrayBenchmark.m in Sources */,
				DA3E6CEC160FB17D000FEA6C /* BigObjectArrayBenchmark.m in Sources */,
				DA3E6CEF160FBB62000FEA6C /* BigNestedObjectArrayBenchmark.m in Sources */,
			);
			runOnlyForDeploymentPostprocessing = 0;
		};
/* End PBXSourcesBuildPhase section */

/* Begin PBXTargetDependency section */
		848C2449148BE9CA001859C8 /* PBXTargetDependency */ = {
			isa = PBXTargetDependency;
			target = 848C2431148BE9CA001859C8 /* ClassMapper */;
			targetProxy = 848C2448148BE9CA001859C8 /* PBXContainerItemProxy */;
		};
		DA3E6CE8160FAB8D000FEA6C /* PBXTargetDependency */ = {
			isa = PBXTargetDependency;
			target = 848C2431148BE9CA001859C8 /* ClassMapper */;
			targetProxy = DA3E6CE7160FAB8D000FEA6C /* PBXContainerItemProxy */;
		};
/* End PBXTargetDependency section */

/* Begin PBXVariantGroup section */
		848C244E148BE9CA001859C8 /* InfoPlist.strings */ = {
			isa = PBXVariantGroup;
			children = (
				848C244F148BE9CA001859C8 /* en */,
			);
			name = InfoPlist.strings;
			sourceTree = "<group>";
		};
		DA3E6CB3160FAA05000FEA6C /* InfoPlist.strings */ = {
			isa = PBXVariantGroup;
			children = (
				DA3E6CB4160FAA05000FEA6C /* en */,
			);
			name = InfoPlist.strings;
			sourceTree = "<group>";
		};
		DA3E6CC2160FAA05000FEA6C /* MainStoryboard.storyboard */ = {
			isa = PBXVariantGroup;
			children = (
				DA3E6CC3160FAA05000FEA6C /* en */,
			);
			name = MainStoryboard.storyboard;
			sourceTree = "<group>";
		};
/* End PBXVariantGroup section */

/* Begin XCBuildConfiguration section */
		848C2454148BE9CA001859C8 /* Debug */ = {
			isa = XCBuildConfiguration;
			buildSettings = {
				ALWAYS_SEARCH_USER_PATHS = NO;
				ARCHS = "$(ARCHS_STANDARD_32_BIT)";
				CLANG_ENABLE_OBJC_ARC = YES;
				COPY_PHASE_STRIP = NO;
				GCC_C_LANGUAGE_STANDARD = gnu99;
				GCC_DYNAMIC_NO_PIC = NO;
				GCC_OPTIMIZATION_LEVEL = 0;
				GCC_PREPROCESSOR_DEFINITIONS = (
					"DEBUG=1",
					"$(inherited)",
				);
				GCC_SYMBOLS_PRIVATE_EXTERN = NO;
				GCC_VERSION = com.apple.compilers.llvm.clang.1_0;
				GCC_WARN_ABOUT_MISSING_PROTOTYPES = YES;
				GCC_WARN_ABOUT_RETURN_TYPE = YES;
				GCC_WARN_UNUSED_VARIABLE = YES;
				IPHONEOS_DEPLOYMENT_TARGET = 5.0;
				SDKROOT = iphoneos;
			};
			name = Debug;
		};
		848C2455148BE9CA001859C8 /* Release */ = {
			isa = XCBuildConfiguration;
			buildSettings = {
				ALWAYS_SEARCH_USER_PATHS = NO;
				ARCHS = "$(ARCHS_STANDARD_32_BIT)";
				CLANG_ENABLE_OBJC_ARC = YES;
				COPY_PHASE_STRIP = YES;
				GCC_C_LANGUAGE_STANDARD = gnu99;
				GCC_VERSION = com.apple.compilers.llvm.clang.1_0;
				GCC_WARN_ABOUT_MISSING_PROTOTYPES = YES;
				GCC_WARN_ABOUT_RETURN_TYPE = YES;
				GCC_WARN_UNUSED_VARIABLE = YES;
				IPHONEOS_DEPLOYMENT_TARGET = 5.0;
				SDKROOT = iphoneos;
				VALIDATE_PRODUCT = YES;
			};
			name = Release;
		};
		848C2457148BE9CA001859C8 /* Debug */ = {
			isa = XCBuildConfiguration;
			buildSettings = {
				DEAD_CODE_STRIPPING = YES;
				DSTROOT = /tmp/ClassMapper.dst;
				GCC_PRECOMPILE_PREFIX_HEADER = YES;
				GCC_PREFIX_HEADER = "ClassMapper/ClassMapper-Prefix.pch";
				PRODUCT_NAME = "$(TARGET_NAME)";
				SKIP_INSTALL = YES;
			};
			name = Debug;
		};
		848C2458148BE9CA001859C8 /* Release */ = {
			isa = XCBuildConfiguration;
			buildSettings = {
				DEAD_CODE_STRIPPING = YES;
				DSTROOT = /tmp/ClassMapper.dst;
				GCC_PRECOMPILE_PREFIX_HEADER = YES;
				GCC_PREFIX_HEADER = "ClassMapper/ClassMapper-Prefix.pch";
				PRODUCT_NAME = "$(TARGET_NAME)";
				SKIP_INSTALL = YES;
			};
			name = Release;
		};
		848C245A148BE9CA001859C8 /* Debug */ = {
			isa = XCBuildConfiguration;
			baseConfigurationReference = B3B36F1DFB9747C3AA1DD078 /* Pods-test.xcconfig */;
			buildSettings = {
				FRAMEWORK_SEARCH_PATHS = (
					"\"$(SDKROOT)/Developer/Library/Frameworks\"",
					"\"$(DEVELOPER_LIBRARY_DIR)/Frameworks\"",
				);
				GCC_PRECOMPILE_PREFIX_HEADER = YES;
				GCC_PREFIX_HEADER = "ClassMapper/ClassMapper-Prefix.pch";
				INFOPLIST_FILE = "ClassMapperTests/ClassMapperTests-Info.plist";
				OTHER_LDFLAGS = "-ObjC";
				PRODUCT_NAME = "$(TARGET_NAME)";
				WRAPPER_EXTENSION = octest;
			};
			name = Debug;
		};
		848C245B148BE9CA001859C8 /* Release */ = {
			isa = XCBuildConfiguration;
			baseConfigurationReference = B3B36F1DFB9747C3AA1DD078 /* Pods-test.xcconfig */;
			buildSettings = {
				FRAMEWORK_SEARCH_PATHS = (
					"\"$(SDKROOT)/Developer/Library/Frameworks\"",
					"\"$(DEVELOPER_LIBRARY_DIR)/Frameworks\"",
				);
				GCC_PRECOMPILE_PREFIX_HEADER = YES;
				GCC_PREFIX_HEADER = "ClassMapper/ClassMapper-Prefix.pch";
				INFOPLIST_FILE = "ClassMapperTests/ClassMapperTests-Info.plist";
				OTHER_LDFLAGS = "-ObjC";
				PRODUCT_NAME = "$(TARGET_NAME)";
				WRAPPER_EXTENSION = octest;
			};
			name = Release;
		};
		DA3E6CDD160FAA05000FEA6C /* Debug */ = {
			isa = XCBuildConfiguration;
			buildSettings = {
				CLANG_CXX_LANGUAGE_STANDARD = "gnu++0x";
				CLANG_CXX_LIBRARY = "libc++";
				CLANG_WARN_EMPTY_BODY = YES;
				CLANG_WARN__DUPLICATE_METHOD_MATCH = YES;
				CODE_SIGN_IDENTITY = "iPhone Developer";
				"CODE_SIGN_IDENTITY[sdk=iphoneos*]" = "iPhone Developer";
				FRAMEWORK_SEARCH_PATHS = (
					"$(inherited)",
					"\"$(SYSTEM_APPS_DIR)/Xcode.app/Contents/Developer/Library/Frameworks\"",
				);
				GCC_PRECOMPILE_PREFIX_HEADER = YES;
				GCC_PREFIX_HEADER = "ClassMapperBenchmark/ClassMapperBenchmark-Prefix.pch";
				GCC_WARN_UNINITIALIZED_AUTOS = YES;
				INFOPLIST_FILE = "ClassMapperBenchmark/ClassMapperBenchmark-Info.plist";
				IPHONEOS_DEPLOYMENT_TARGET = 6.0;
				OTHER_LDFLAGS = "-ObjC";
				PRODUCT_NAME = "$(TARGET_NAME)";
				PROVISIONING_PROFILE = "";
				WRAPPER_EXTENSION = app;
			};
			name = Debug;
		};
		DA3E6CDE160FAA05000FEA6C /* Release */ = {
			isa = XCBuildConfiguration;
			buildSettings = {
				CLANG_CXX_LANGUAGE_STANDARD = "gnu++0x";
				CLANG_CXX_LIBRARY = "libc++";
				CLANG_WARN_EMPTY_BODY = YES;
				CLANG_WARN__DUPLICATE_METHOD_MATCH = YES;
				CODE_SIGN_IDENTITY = "iPhone Developer";
				"CODE_SIGN_IDENTITY[sdk=iphoneos*]" = "iPhone Developer";
				FRAMEWORK_SEARCH_PATHS = (
					"$(inherited)",
					"\"$(SYSTEM_APPS_DIR)/Xcode.app/Contents/Developer/Library/Frameworks\"",
				);
				GCC_PRECOMPILE_PREFIX_HEADER = YES;
				GCC_PREFIX_HEADER = "ClassMapperBenchmark/ClassMapperBenchmark-Prefix.pch";
				GCC_WARN_UNINITIALIZED_AUTOS = YES;
				INFOPLIST_FILE = "ClassMapperBenchmark/ClassMapperBenchmark-Info.plist";
				IPHONEOS_DEPLOYMENT_TARGET = 6.0;
				OTHER_CFLAGS = "-DNS_BLOCK_ASSERTIONS=1";
				OTHER_LDFLAGS = "-ObjC";
				PRODUCT_NAME = "$(TARGET_NAME)";
				PROVISIONING_PROFILE = "";
				WRAPPER_EXTENSION = app;
			};
			name = Release;
		};
/* End XCBuildConfiguration section */

/* Begin XCConfigurationList section */
		848C242C148BE9CA001859C8 /* Build configuration list for PBXProject "ClassMapper" */ = {
			isa = XCConfigurationList;
			buildConfigurations = (
				848C2454148BE9CA001859C8 /* Debug */,
				848C2455148BE9CA001859C8 /* Release */,
			);
			defaultConfigurationIsVisible = 0;
			defaultConfigurationName = Release;
		};
		848C2456148BE9CA001859C8 /* Build configuration list for PBXNativeTarget "ClassMapper" */ = {
			isa = XCConfigurationList;
			buildConfigurations = (
				848C2457148BE9CA001859C8 /* Debug */,
				848C2458148BE9CA001859C8 /* Release */,
			);
			defaultConfigurationIsVisible = 0;
			defaultConfigurationName = Release;
		};
		848C2459148BE9CA001859C8 /* Build configuration list for PBXNativeTarget "ClassMapperTests" */ = {
			isa = XCConfigurationList;
			buildConfigurations = (
				848C245A148BE9CA001859C8 /* Debug */,
				848C245B148BE9CA001859C8 /* Release */,
			);
			defaultConfigurationIsVisible = 0;
			defaultConfigurationName = Release;
		};
		DA3E6CDC160FAA05000FEA6C /* Build configuration list for PBXNativeTarget "ClassMapperBenchmark" */ = {
			isa = XCConfigurationList;
			buildConfigurations = (
				DA3E6CDD160FAA05000FEA6C /* Debug */,
				DA3E6CDE160FAA05000FEA6C /* Release */,
			);
			defaultConfigurationIsVisible = 0;
		};
/* End XCConfigurationList section */
	};
	rootObject = 848C2429148BE9CA001859C8 /* Project object */;
}
